
Microsoft Visual Studio Solution File, Format Version 12.00
# Visual Studio Version 17
VisualStudioVersion = 17.9.34622.214
MinimumVisualStudioVersion = 10.0.40219.1
Project("{FAE04EC0-301F-11D3-BF4B-00C04F79EFBC}") = "CSPractice2", "CSPractice2.csproj", "{5017BEAD-5D84-4A3E-A5BC-48DA4134B1E4}"
EndProject
Global
	GlobalSection(SolutionConfigurationPlatforms) = preSolution
		Debug|Any CPU = Debug|Any CPU
		Release|Any CPU = Release|Any CPU
	EndGlobalSection
	GlobalSection(ProjectConfigurationPlatforms) = postSolution
		{5017BEAD-5D84-4A3E-A5BC-48DA4134B1E4}.Debug|Any CPU.ActiveCfg = Debug|Any CPU
		{5017BEAD-5D84-4A3E-A5BC-48DA4134B1E4}.Debug|Any CPU.Build.0 = Debug|Any CPU
		{5017BEAD-5D84-4A3E-A5BC-48DA4134B1E4}.Release|Any CPU.ActiveCfg = Release|Any CPU
		{5017BEAD-5D84-4A3E-A5BC-48DA4134B1E4}.Release|Any CPU.Build.0 = Release|Any CPU
	EndGlobalSection
	GlobalSection(SolutionProperties) = preSolution
		HideSolutionNode = FALSE
	EndGlobalSection
	GlobalSection(ExtensibilityGlobals) = postSolution
		SolutionGuid = {33EEE702-62F1-4CE3-979E-193A868FAC79}
	EndGlobalSection
EndGlobal
